// !$*UTF8*$!
{
	archiveVersion = 1;
	classes = {
	};
	objectVersion = 55;
	objects = {

/* Begin PBXBuildFile section */
		4723085827E598C40054C520 /* GameViewController.swift in Sources */ = {isa = PBXBuildFile; fileRef = 4723085727E598C40054C520 /* GameViewController.swift */; };
		4723085B27E598D60054C520 /* Game.storyboard in Resources */ = {isa = PBXBuildFile; fileRef = 4723085A27E598D60054C520 /* Game.storyboard */; };
		4723085F27E59A5B0054C520 /* GameViewModel.swift in Sources */ = {isa = PBXBuildFile; fileRef = 4723085E27E59A5B0054C520 /* GameViewModel.swift */; };
		4723086127E59A690054C520 /* WordViewModel.swift in Sources */ = {isa = PBXBuildFile; fileRef = 4723086027E59A690054C520 /* WordViewModel.swift */; };
		4723086327E59A910054C520 /* GameViewModelProtocol.swift in Sources */ = {isa = PBXBuildFile; fileRef = 4723086227E59A910054C520 /* GameViewModelProtocol.swift */; };
		4723086527E59AA60054C520 /* AnswerAction.swift in Sources */ = {isa = PBXBuildFile; fileRef = 4723086427E59AA60054C520 /* AnswerAction.swift */; };
		4723086727E59AF10054C520 /* UserScore.swift in Sources */ = {isa = PBXBuildFile; fileRef = 4723086627E59AF10054C520 /* UserScore.swift */; };
		4723086927E59B800054C520 /* GameSettings.swift in Sources */ = {isa = PBXBuildFile; fileRef = 4723086827E59B800054C520 /* GameSettings.swift */; };
		4723086B27E59C5E0054C520 /* GameErrors.swift in Sources */ = {isa = PBXBuildFile; fileRef = 4723086A27E59C5E0054C520 /* GameErrors.swift */; };
		4723086E27E5A2BB0054C520 /* IntExtension.swift in Sources */ = {isa = PBXBuildFile; fileRef = 4723086D27E5A2BB0054C520 /* IntExtension.swift */; };
		4723087027E5B0220054C520 /* ArrayExtension.swift in Sources */ = {isa = PBXBuildFile; fileRef = 4723086F27E5B0220054C520 /* ArrayExtension.swift */; };
		475BEB5D27E587BE005CB334 /* AppDelegate.swift in Sources */ = {isa = PBXBuildFile; fileRef = 475BEB5C27E587BE005CB334 /* AppDelegate.swift */; };
		475BEB5F27E587BE005CB334 /* SceneDelegate.swift in Sources */ = {isa = PBXBuildFile; fileRef = 475BEB5E27E587BE005CB334 /* SceneDelegate.swift */; };
		475BEB6627E587C0005CB334 /* Assets.xcassets in Resources */ = {isa = PBXBuildFile; fileRef = 475BEB6527E587C0005CB334 /* Assets.xcassets */; };
		475BEB6927E587C0005CB334 /* LaunchScreen.storyboard in Resources */ = {isa = PBXBuildFile; fileRef = 475BEB6727E587C0005CB334 /* LaunchScreen.storyboard */; };
		475BEB7427E587C0005CB334 /* BabbelFallingWordsTests.swift in Sources */ = {isa = PBXBuildFile; fileRef = 475BEB7327E587C0005CB334 /* BabbelFallingWordsTests.swift */; };
		475BEB9227E589DE005CB334 /* DataServiceProtocol.swift in Sources */ = {isa = PBXBuildFile; fileRef = 475BEB9127E589DE005CB334 /* DataServiceProtocol.swift */; };
		475BEB9427E58A0A005CB334 /* JsonFileDataService.swift in Sources */ = {isa = PBXBuildFile; fileRef = 475BEB9327E58A0A005CB334 /* JsonFileDataService.swift */; };
		475BEB9627E58A25005CB334 /* WordModel.swift in Sources */ = {isa = PBXBuildFile; fileRef = 475BEB9527E58A25005CB334 /* WordModel.swift */; };
		475BEB9927E58BAE005CB334 /* words.json in Resources */ = {isa = PBXBuildFile; fileRef = 475BEB9827E58BAE005CB334 /* words.json */; };
		475BEB9C27E58CCB005CB334 /* testWords.json in Resources */ = {isa = PBXBuildFile; fileRef = 475BEB9B27E58CCB005CB334 /* testWords.json */; };
/* End PBXBuildFile section */

/* Begin PBXContainerItemProxy section */
		475BEB7027E587C0005CB334 /* PBXContainerItemProxy */ = {
			isa = PBXContainerItemProxy;
			containerPortal = 475BEB5127E587BE005CB334 /* Project object */;
			proxyType = 1;
			remoteGlobalIDString = 475BEB5827E587BE005CB334;
			remoteInfo = BabbelFallingWords;
		};
/* End PBXContainerItemProxy section */

/* Begin PBXFileReference section */
		4723085727E598C40054C520 /* GameViewController.swift */ = {isa = PBXFileReference; lastKnownFileType = sourcecode.swift; path = GameViewController.swift; sourceTree = "<group>"; };
		4723085A27E598D60054C520 /* Game.storyboard */ = {isa = PBXFileReference; lastKnownFileType = file.storyboard; path = Game.storyboard; sourceTree = "<group>"; };
		4723085E27E59A5B0054C520 /* GameViewModel.swift */ = {isa = PBXFileReference; lastKnownFileType = sourcecode.swift; path = GameViewModel.swift; sourceTree = "<group>"; };
		4723086027E59A690054C520 /* WordViewModel.swift */ = {isa = PBXFileReference; lastKnownFileType = sourcecode.swift; path = WordViewModel.swift; sourceTree = "<group>"; };
		4723086227E59A910054C520 /* GameViewModelProtocol.swift */ = {isa = PBXFileReference; lastKnownFileType = sourcecode.swift; path = GameViewModelProtocol.swift; sourceTree = "<group>"; };
		4723086427E59AA60054C520 /* AnswerAction.swift */ = {isa = PBXFileReference; lastKnownFileType = sourcecode.swift; path = AnswerAction.swift; sourceTree = "<group>"; };
		4723086627E59AF10054C520 /* UserScore.swift */ = {isa = PBXFileReference; lastKnownFileType = sourcecode.swift; path = UserScore.swift; sourceTree = "<group>"; };
		4723086827E59B800054C520 /* GameSettings.swift */ = {isa = PBXFileReference; lastKnownFileType = sourcecode.swift; path = GameSettings.swift; sourceTree = "<group>"; };
		4723086A27E59C5E0054C520 /* GameErrors.swift */ = {isa = PBXFileReference; lastKnownFileType = sourcecode.swift; path = GameErrors.swift; sourceTree = "<group>"; };
		4723086D27E5A2BB0054C520 /* IntExtension.swift */ = {isa = PBXFileReference; lastKnownFileType = sourcecode.swift; path = IntExtension.swift; sourceTree = "<group>"; };
		4723086F27E5B0220054C520 /* ArrayExtension.swift */ = {isa = PBXFileReference; lastKnownFileType = sourcecode.swift; path = ArrayExtension.swift; sourceTree = "<group>"; };
		475BEB5927E587BE005CB334 /* BabbelFallingWords.app */ = {isa = PBXFileReference; explicitFileType = wrapper.application; includeInIndex = 0; path = BabbelFallingWords.app; sourceTree = BUILT_PRODUCTS_DIR; };
		475BEB5C27E587BE005CB334 /* AppDelegate.swift */ = {isa = PBXFileReference; lastKnownFileType = sourcecode.swift; path = AppDelegate.swift; sourceTree = "<group>"; };
		475BEB5E27E587BE005CB334 /* SceneDelegate.swift */ = {isa = PBXFileReference; lastKnownFileType = sourcecode.swift; path = SceneDelegate.swift; sourceTree = "<group>"; };
		475BEB6527E587C0005CB334 /* Assets.xcassets */ = {isa = PBXFileReference; lastKnownFileType = folder.assetcatalog; path = Assets.xcassets; sourceTree = "<group>"; };
		475BEB6827E587C0005CB334 /* Base */ = {isa = PBXFileReference; lastKnownFileType = file.storyboard; name = Base; path = Base.lproj/LaunchScreen.storyboard; sourceTree = "<group>"; };
		475BEB6A27E587C0005CB334 /* Info.plist */ = {isa = PBXFileReference; lastKnownFileType = text.plist.xml; path = Info.plist; sourceTree = "<group>"; };
		475BEB6F27E587C0005CB334 /* BabbelFallingWordsTests.xctest */ = {isa = PBXFileReference; explicitFileType = wrapper.cfbundle; includeInIndex = 0; path = BabbelFallingWordsTests.xctest; sourceTree = BUILT_PRODUCTS_DIR; };
		475BEB7327E587C0005CB334 /* BabbelFallingWordsTests.swift */ = {isa = PBXFileReference; lastKnownFileType = sourcecode.swift; path = BabbelFallingWordsTests.swift; sourceTree = "<group>"; };
		475BEB9127E589DE005CB334 /* DataServiceProtocol.swift */ = {isa = PBXFileReference; lastKnownFileType = sourcecode.swift; path = DataServiceProtocol.swift; sourceTree = "<group>"; };
		475BEB9327E58A0A005CB334 /* JsonFileDataService.swift */ = {isa = PBXFileReference; lastKnownFileType = sourcecode.swift; path = JsonFileDataService.swift; sourceTree = "<group>"; };
		475BEB9527E58A25005CB334 /* WordModel.swift */ = {isa = PBXFileReference; lastKnownFileType = sourcecode.swift; path = WordModel.swift; sourceTree = "<group>"; };
		475BEB9827E58BAE005CB334 /* words.json */ = {isa = PBXFileReference; fileEncoding = 4; lastKnownFileType = text.json; path = words.json; sourceTree = "<group>"; };
		475BEB9B27E58CCB005CB334 /* testWords.json */ = {isa = PBXFileReference; fileEncoding = 4; lastKnownFileType = text.json; path = testWords.json; sourceTree = "<group>"; };
/* End PBXFileReference section */

/* Begin PBXFrameworksBuildPhase section */
		475BEB5627E587BE005CB334 /* Frameworks */ = {
			isa = PBXFrameworksBuildPhase;
			buildActionMask = 2147483647;
			files = (
			);
			runOnlyForDeploymentPostprocessing = 0;
		};
		475BEB6C27E587C0005CB334 /* Frameworks */ = {
			isa = PBXFrameworksBuildPhase;
			buildActionMask = 2147483647;
			files = (
			);
			runOnlyForDeploymentPostprocessing = 0;
		};
/* End PBXFrameworksBuildPhase section */

/* Begin PBXGroup section */
		4723085527E598B20054C520 /* Modules */ = {
			isa = PBXGroup;
			children = (
				4723085D27E59A250054C520 /* Models */,
				4723085C27E59A1F0054C520 /* ViewModels */,
				4723085927E598C80054C520 /* Views */,
				4723085627E598B70054C520 /* Controllers */,
			);
			path = Modules;
			sourceTree = "<group>";
		};
		4723085627E598B70054C520 /* Controllers */ = {
			isa = PBXGroup;
			children = (
				4723085727E598C40054C520 /* GameViewController.swift */,
			);
			path = Controllers;
			sourceTree = "<group>";
		};
		4723085927E598C80054C520 /* Views */ = {
			isa = PBXGroup;
			children = (
				4723085A27E598D60054C520 /* Game.storyboard */,
			);
			path = Views;
			sourceTree = "<group>";
		};
		4723085C27E59A1F0054C520 /* ViewModels */ = {
			isa = PBXGroup;
			children = (
				4723086227E59A910054C520 /* GameViewModelProtocol.swift */,
				4723085E27E59A5B0054C520 /* GameViewModel.swift */,
			);
			path = ViewModels;
			sourceTree = "<group>";
		};
		4723085D27E59A250054C520 /* Models */ = {
			isa = PBXGroup;
			children = (
				4723086027E59A690054C520 /* WordViewModel.swift */,
				4723086627E59AF10054C520 /* UserScore.swift */,
				4723086427E59AA60054C520 /* AnswerAction.swift */,
				4723086827E59B800054C520 /* GameSettings.swift */,
				4723086A27E59C5E0054C520 /* GameErrors.swift */,
			);
			path = Models;
			sourceTree = "<group>";
		};
		4723086C27E5A2AC0054C520 /* Extensions */ = {
			isa = PBXGroup;
			children = (
				4723086D27E5A2BB0054C520 /* IntExtension.swift */,
				4723086F27E5B0220054C520 /* ArrayExtension.swift */,
			);
			path = Extensions;
			sourceTree = "<group>";
		};
		475BEB5027E587BE005CB334 = {
			isa = PBXGroup;
			children = (
				475BEB5B27E587BE005CB334 /* BabbelFallingWords */,
				475BEB7227E587C0005CB334 /* BabbelFallingWordsTests */,
				475BEB5A27E587BE005CB334 /* Products */,
			);
			sourceTree = "<group>";
		};
		475BEB5A27E587BE005CB334 /* Products */ = {
			isa = PBXGroup;
			children = (
				475BEB5927E587BE005CB334 /* BabbelFallingWords.app */,
				475BEB6F27E587C0005CB334 /* BabbelFallingWordsTests.xctest */,
			);
			name = Products;
			sourceTree = "<group>";
		};
		475BEB5B27E587BE005CB334 /* BabbelFallingWords */ = {
			isa = PBXGroup;
			children = (
				475BEB8E27E58927005CB334 /* Common */,
				4723085527E598B20054C520 /* Modules */,
				475BEB9727E58B8F005CB334 /* Resources */,
				475BEB5C27E587BE005CB334 /* AppDelegate.swift */,
				475BEB5E27E587BE005CB334 /* SceneDelegate.swift */,
				475BEB6527E587C0005CB334 /* Assets.xcassets */,
				475BEB6727E587C0005CB334 /* LaunchScreen.storyboard */,
				475BEB6A27E587C0005CB334 /* Info.plist */,
			);
			path = BabbelFallingWords;
			sourceTree = "<group>";
		};
		475BEB7227E587C0005CB334 /* BabbelFallingWordsTests */ = {
			isa = PBXGroup;
			children = (
				475BEB9A27E58CAA005CB334 /* DataServiceTest */,
				475BEB7327E587C0005CB334 /* BabbelFallingWordsTests.swift */,
			);
			path = BabbelFallingWordsTests;
			sourceTree = "<group>";
		};
		475BEB8E27E58927005CB334 /* Common */ = {
			isa = PBXGroup;
			children = (
				4723086C27E5A2AC0054C520 /* Extensions */,
				475BEB9027E5897B005CB334 /* DataService */,
				475BEB8F27E58977005CB334 /* Models */,
			);
			path = Common;
			sourceTree = "<group>";
		};
		475BEB8F27E58977005CB334 /* Models */ = {
			isa = PBXGroup;
			children = (
				475BEB9527E58A25005CB334 /* WordModel.swift */,
			);
			path = Models;
			sourceTree = "<group>";
		};
		475BEB9027E5897B005CB334 /* DataService */ = {
			isa = PBXGroup;
			children = (
				475BEB9127E589DE005CB334 /* DataServiceProtocol.swift */,
				475BEB9327E58A0A005CB334 /* JsonFileDataService.swift */,
			);
			path = DataService;
			sourceTree = "<group>";
		};
		475BEB9727E58B8F005CB334 /* Resources */ = {
			isa = PBXGroup;
			children = (
				475BEB9827E58BAE005CB334 /* words.json */,
			);
			path = Resources;
			sourceTree = "<group>";
		};
		475BEB9A27E58CAA005CB334 /* DataServiceTest */ = {
			isa = PBXGroup;
			children = (
				475BEB9B27E58CCB005CB334 /* testWords.json */,
			);
			path = DataServiceTest;
			sourceTree = "<group>";
		};
/* End PBXGroup section */

/* Begin PBXNativeTarget section */
		475BEB5827E587BE005CB334 /* BabbelFallingWords */ = {
			isa = PBXNativeTarget;
			buildConfigurationList = 475BEB8327E587C0005CB334 /* Build configuration list for PBXNativeTarget "BabbelFallingWords" */;
			buildPhases = (
				475BEB5527E587BE005CB334 /* Sources */,
				475BEB5627E587BE005CB334 /* Frameworks */,
				475BEB5727E587BE005CB334 /* Resources */,
			);
			buildRules = (
			);
			dependencies = (
			);
			name = BabbelFallingWords;
			productName = BabbelFallingWords;
			productReference = 475BEB5927E587BE005CB334 /* BabbelFallingWords.app */;
			productType = "com.apple.product-type.application";
		};
		475BEB6E27E587C0005CB334 /* BabbelFallingWordsTests */ = {
			isa = PBXNativeTarget;
			buildConfigurationList = 475BEB8627E587C0005CB334 /* Build configuration list for PBXNativeTarget "BabbelFallingWordsTests" */;
			buildPhases = (
				475BEB6B27E587C0005CB334 /* Sources */,
				475BEB6C27E587C0005CB334 /* Frameworks */,
				475BEB6D27E587C0005CB334 /* Resources */,
			);
			buildRules = (
			);
			dependencies = (
				475BEB7127E587C0005CB334 /* PBXTargetDependency */,
			);
			name = BabbelFallingWordsTests;
			productName = BabbelFallingWordsTests;
			productReference = 475BEB6F27E587C0005CB334 /* BabbelFallingWordsTests.xctest */;
			productType = "com.apple.product-type.bundle.unit-test";
		};
/* End PBXNativeTarget section */

/* Begin PBXProject section */
		475BEB5127E587BE005CB334 /* Project object */ = {
			isa = PBXProject;
			attributes = {
				BuildIndependentTargetsInParallel = 1;
				LastSwiftUpdateCheck = 1330;
				LastUpgradeCheck = 1330;
				TargetAttributes = {
					475BEB5827E587BE005CB334 = {
						CreatedOnToolsVersion = 13.3;
					};
					475BEB6E27E587C0005CB334 = {
						CreatedOnToolsVersion = 13.3;
						TestTargetID = 475BEB5827E587BE005CB334;
					};
				};
			};
			buildConfigurationList = 475BEB5427E587BE005CB334 /* Build configuration list for PBXProject "BabbelFallingWords" */;
			compatibilityVersion = "Xcode 13.0";
			developmentRegion = en;
			hasScannedForEncodings = 0;
			knownRegions = (
				en,
				Base,
			);
			mainGroup = 475BEB5027E587BE005CB334;
			productRefGroup = 475BEB5A27E587BE005CB334 /* Products */;
			projectDirPath = "";
			projectRoot = "";
			targets = (
				475BEB5827E587BE005CB334 /* BabbelFallingWords */,
				475BEB6E27E587C0005CB334 /* BabbelFallingWordsTests */,
			);
		};
/* End PBXProject section */

/* Begin PBXResourcesBuildPhase section */
		475BEB5727E587BE005CB334 /* Resources */ = {
			isa = PBXResourcesBuildPhase;
			buildActionMask = 2147483647;
			files = (
				475BEB6927E587C0005CB334 /* LaunchScreen.storyboard in Resources */,
				475BEB9927E58BAE005CB334 /* words.json in Resources */,
				475BEB6627E587C0005CB334 /* Assets.xcassets in Resources */,
				4723085B27E598D60054C520 /* Game.storyboard in Resources */,
			);
			runOnlyForDeploymentPostprocessing = 0;
		};
		475BEB6D27E587C0005CB334 /* Resources */ = {
			isa = PBXResourcesBuildPhase;
			buildActionMask = 2147483647;
			files = (
				475BEB9C27E58CCB005CB334 /* testWords.json in Resources */,
			);
			runOnlyForDeploymentPostprocessing = 0;
		};
/* End PBXResourcesBuildPhase section */

/* Begin PBXSourcesBuildPhase section */
		475BEB5527E587BE005CB334 /* Sources */ = {
			isa = PBXSourcesBuildPhase;
			buildActionMask = 2147483647;
			files = (
				4723087027E5B0220054C520 /* ArrayExtension.swift in Sources */,
				475BEB9627E58A25005CB334 /* WordModel.swift in Sources */,
				4723086B27E59C5E0054C520 /* GameErrors.swift in Sources */,
				4723086727E59AF10054C520 /* UserScore.swift in Sources */,
				475BEB9227E589DE005CB334 /* DataServiceProtocol.swift in Sources */,
				475BEB5D27E587BE005CB334 /* AppDelegate.swift in Sources */,
				475BEB9427E58A0A005CB334 /* JsonFileDataService.swift in Sources */,
				4723086327E59A910054C520 /* GameViewModelProtocol.swift in Sources */,
				4723085827E598C40054C520 /* GameViewController.swift in Sources */,
				475BEB5F27E587BE005CB334 /* SceneDelegate.swift in Sources */,
				4723086E27E5A2BB0054C520 /* IntExtension.swift in Sources */,
				4723086927E59B800054C520 /* GameSettings.swift in Sources */,
				4723085F27E59A5B0054C520 /* GameViewModel.swift in Sources */,
				4723086127E59A690054C520 /* WordViewModel.swift in Sources */,
				4723086527E59AA60054C520 /* AnswerAction.swift in Sources */,
			);
			runOnlyForDeploymentPostprocessing = 0;
		};
		475BEB6B27E587C0005CB334 /* Sources */ = {
			isa = PBXSourcesBuildPhase;
			buildActionMask = 2147483647;
			files = (
				475BEB7427E587C0005CB334 /* BabbelFallingWordsTests.swift in Sources */,
			);
			runOnlyForDeploymentPostprocessing = 0;
		};
/* End PBXSourcesBuildPhase section */

/* Begin PBXTargetDependency section */
		475BEB7127E587C0005CB334 /* PBXTargetDependency */ = {
			isa = PBXTargetDependency;
			target = 475BEB5827E587BE005CB334 /* BabbelFallingWords */;
			targetProxy = 475BEB7027E587C0005CB334 /* PBXContainerItemProxy */;
		};
/* End PBXTargetDependency section */

/* Begin PBXVariantGroup section */
		475BEB6727E587C0005CB334 /* LaunchScreen.storyboard */ = {
			isa = PBXVariantGroup;
			children = (
				475BEB6827E587C0005CB334 /* Base */,
			);
			name = LaunchScreen.storyboard;
			sourceTree = "<group>";
		};
/* End PBXVariantGroup section */

/* Begin XCBuildConfiguration section */
		475BEB8127E587C0005CB334 /* Debug */ = {
			isa = XCBuildConfiguration;
			buildSettings = {
				ALWAYS_SEARCH_USER_PATHS = NO;
				CLANG_ANALYZER_NONNULL = YES;
				CLANG_ANALYZER_NUMBER_OBJECT_CONVERSION = YES_AGGRESSIVE;
				CLANG_CXX_LANGUAGE_STANDARD = "gnu++17";
				CLANG_ENABLE_MODULES = YES;
				CLANG_ENABLE_OBJC_ARC = YES;
				CLANG_ENABLE_OBJC_WEAK = YES;
				CLANG_WARN_BLOCK_CAPTURE_AUTORELEASING = YES;
				CLANG_WARN_BOOL_CONVERSION = YES;
				CLANG_WARN_COMMA = YES;
				CLANG_WARN_CONSTANT_CONVERSION = YES;
				CLANG_WARN_DEPRECATED_OBJC_IMPLEMENTATIONS = YES;
				CLANG_WARN_DIRECT_OBJC_ISA_USAGE = YES_ERROR;
				CLANG_WARN_DOCUMENTATION_COMMENTS = YES;
				CLANG_WARN_EMPTY_BODY = YES;
				CLANG_WARN_ENUM_CONVERSION = YES;
				CLANG_WARN_INFINITE_RECURSION = YES;
				CLANG_WARN_INT_CONVERSION = YES;
				CLANG_WARN_NON_LITERAL_NULL_CONVERSION = YES;
				CLANG_WARN_OBJC_IMPLICIT_RETAIN_SELF = YES;
				CLANG_WARN_OBJC_LITERAL_CONVERSION = YES;
				CLANG_WARN_OBJC_ROOT_CLASS = YES_ERROR;
				CLANG_WARN_QUOTED_INCLUDE_IN_FRAMEWORK_HEADER = YES;
				CLANG_WARN_RANGE_LOOP_ANALYSIS = YES;
				CLANG_WARN_STRICT_PROTOTYPES = YES;
				CLANG_WARN_SUSPICIOUS_MOVE = YES;
				CLANG_WARN_UNGUARDED_AVAILABILITY = YES_AGGRESSIVE;
				CLANG_WARN_UNREACHABLE_CODE = YES;
				CLANG_WARN__DUPLICATE_METHOD_MATCH = YES;
				COPY_PHASE_STRIP = NO;
				DEBUG_INFORMATION_FORMAT = dwarf;
				ENABLE_STRICT_OBJC_MSGSEND = YES;
				ENABLE_TESTABILITY = YES;
				GCC_C_LANGUAGE_STANDARD = gnu11;
				GCC_DYNAMIC_NO_PIC = NO;
				GCC_NO_COMMON_BLOCKS = YES;
				GCC_OPTIMIZATION_LEVEL = 0;
				GCC_PREPROCESSOR_DEFINITIONS = (
					"DEBUG=1",
					"$(inherited)",
				);
				GCC_WARN_64_TO_32_BIT_CONVERSION = YES;
				GCC_WARN_ABOUT_RETURN_TYPE = YES_ERROR;
				GCC_WARN_UNDECLARED_SELECTOR = YES;
				GCC_WARN_UNINITIALIZED_AUTOS = YES_AGGRESSIVE;
				GCC_WARN_UNUSED_FUNCTION = YES;
				GCC_WARN_UNUSED_VARIABLE = YES;
				IPHONEOS_DEPLOYMENT_TARGET = 15.4;
				MTL_ENABLE_DEBUG_INFO = INCLUDE_SOURCE;
				MTL_FAST_MATH = YES;
				ONLY_ACTIVE_ARCH = YES;
				SDKROOT = iphoneos;
				SWIFT_ACTIVE_COMPILATION_CONDITIONS = DEBUG;
				SWIFT_OPTIMIZATION_LEVEL = "-Onone";
			};
			name = Debug;
		};
		475BEB8227E587C0005CB334 /* Release */ = {
			isa = XCBuildConfiguration;
			buildSettings = {
				ALWAYS_SEARCH_USER_PATHS = NO;
				CLANG_ANALYZER_NONNULL = YES;
				CLANG_ANALYZER_NUMBER_OBJECT_CONVERSION = YES_AGGRESSIVE;
				CLANG_CXX_LANGUAGE_STANDARD = "gnu++17";
				CLANG_ENABLE_MODULES = YES;
				CLANG_ENABLE_OBJC_ARC = YES;
				CLANG_ENABLE_OBJC_WEAK = YES;
				CLANG_WARN_BLOCK_CAPTURE_AUTORELEASING = YES;
				CLANG_WARN_BOOL_CONVERSION = YES;
				CLANG_WARN_COMMA = YES;
				CLANG_WARN_CONSTANT_CONVERSION = YES;
				CLANG_WARN_DEPRECATED_OBJC_IMPLEMENTATIONS = YES;
				CLANG_WARN_DIRECT_OBJC_ISA_USAGE = YES_ERROR;
				CLANG_WARN_DOCUMENTATION_COMMENTS = YES;
				CLANG_WARN_EMPTY_BODY = YES;
				CLANG_WARN_ENUM_CONVERSION = YES;
				CLANG_WARN_INFINITE_RECURSION = YES;
				CLANG_WARN_INT_CONVERSION = YES;
				CLANG_WARN_NON_LITERAL_NULL_CONVERSION = YES;
				CLANG_WARN_OBJC_IMPLICIT_RETAIN_SELF = YES;
				CLANG_WARN_OBJC_LITERAL_CONVERSION = YES;
				CLANG_WARN_OBJC_ROOT_CLASS = YES_ERROR;
				CLANG_WARN_QUOTED_INCLUDE_IN_FRAMEWORK_HEADER = YES;
				CLANG_WARN_RANGE_LOOP_ANALYSIS = YES;
				CLANG_WARN_STRICT_PROTOTYPES = YES;
				CLANG_WARN_SUSPICIOUS_MOVE = YES;
				CLANG_WARN_UNGUARDED_AVAILABILITY = YES_AGGRESSIVE;
				CLANG_WARN_UNREACHABLE_CODE = YES;
				CLANG_WARN__DUPLICATE_METHOD_MATCH = YES;
				COPY_PHASE_STRIP = NO;
				DEBUG_INFORMATION_FORMAT = "dwarf-with-dsym";
				ENABLE_NS_ASSERTIONS = NO;
				ENABLE_STRICT_OBJC_MSGSEND = YES;
				GCC_C_LANGUAGE_STANDARD = gnu11;
				GCC_NO_COMMON_BLOCKS = YES;
				GCC_WARN_64_TO_32_BIT_CONVERSION = YES;
				GCC_WARN_ABOUT_RETURN_TYPE = YES_ERROR;
				GCC_WARN_UNDECLARED_SELECTOR = YES;
				GCC_WARN_UNINITIALIZED_AUTOS = YES_AGGRESSIVE;
				GCC_WARN_UNUSED_FUNCTION = YES;
				GCC_WARN_UNUSED_VARIABLE = YES;
				IPHONEOS_DEPLOYMENT_TARGET = 15.4;
				MTL_ENABLE_DEBUG_INFO = NO;
				MTL_FAST_MATH = YES;
				SDKROOT = iphoneos;
				SWIFT_COMPILATION_MODE = wholemodule;
				SWIFT_OPTIMIZATION_LEVEL = "-O";
				VALIDATE_PRODUCT = YES;
			};
			name = Release;
		};
		475BEB8427E587C0005CB334 /* Debug */ = {
			isa = XCBuildConfiguration;
			buildSettings = {
				ASSETCATALOG_COMPILER_APPICON_NAME = AppIcon;
				ASSETCATALOG_COMPILER_GLOBAL_ACCENT_COLOR_NAME = AccentColor;
				CODE_SIGN_STYLE = Automatic;
				CURRENT_PROJECT_VERSION = 1;
				GENERATE_INFOPLIST_FILE = YES;
				INFOPLIST_FILE = BabbelFallingWords/Info.plist;
				INFOPLIST_KEY_UIApplicationSupportsIndirectInputEvents = YES;
				INFOPLIST_KEY_UILaunchStoryboardName = LaunchScreen;
				INFOPLIST_KEY_UIMainStoryboardFile = Game;
				INFOPLIST_KEY_UISupportedInterfaceOrientations_iPad = "UIInterfaceOrientationPortrait UIInterfaceOrientationPortraitUpsideDown UIInterfaceOrientationLandscapeLeft UIInterfaceOrientationLandscapeRight";
				INFOPLIST_KEY_UISupportedInterfaceOrientations_iPhone = "UIInterfaceOrientationPortrait UIInterfaceOrientationLandscapeLeft UIInterfaceOrientationLandscapeRight";
				IPHONEOS_DEPLOYMENT_TARGET = 13.0;
				LD_RUNPATH_SEARCH_PATHS = (
					"$(inherited)",
					"@executable_path/Frameworks",
				);
				MARKETING_VERSION = 1.0;
				PRODUCT_BUNDLE_IDENTIFIER = com.amin.BabbelFallingWords;
				PRODUCT_NAME = "$(TARGET_NAME)";
				SWIFT_EMIT_LOC_STRINGS = YES;
				SWIFT_VERSION = 5.0;
				TARGETED_DEVICE_FAMILY = 1;
			};
			name = Debug;
		};
		475BEB8527E587C0005CB334 /* Release */ = {
			isa = XCBuildConfiguration;
			buildSettings = {
				ASSETCATALOG_COMPILER_APPICON_NAME = AppIcon;
				ASSETCATALOG_COMPILER_GLOBAL_ACCENT_COLOR_NAME = AccentColor;
				CODE_SIGN_STYLE = Automatic;
				CURRENT_PROJECT_VERSION = 1;
				GENERATE_INFOPLIST_FILE = YES;
				INFOPLIST_FILE = BabbelFallingWords/Info.plist;
				INFOPLIST_KEY_UIApplicationSupportsIndirectInputEvents = YES;
				INFOPLIST_KEY_UILaunchStoryboardName = LaunchScreen;
				INFOPLIST_KEY_UIMainStoryboardFile = Game;
				INFOPLIST_KEY_UISupportedInterfaceOrientations_iPad = "UIInterfaceOrientationPortrait UIInterfaceOrientationPortraitUpsideDown UIInterfaceOrientationLandscapeLeft UIInterfaceOrientationLandscapeRight";
				INFOPLIST_KEY_UISupportedInterfaceOrientations_iPhone = "UIInterfaceOrientationPortrait UIInterfaceOrientationLandscapeLeft UIInterfaceOrientationLandscapeRight";
				IPHONEOS_DEPLOYMENT_TARGET = 13.0;
				LD_RUNPATH_SEARCH_PATHS = (
					"$(inherited)",
					"@executable_path/Frameworks",
				);
				MARKETING_VERSION = 1.0;
				PRODUCT_BUNDLE_IDENTIFIER = com.amin.BabbelFallingWords;
				PRODUCT_NAME = "$(TARGET_NAME)";
				SWIFT_EMIT_LOC_STRINGS = YES;
				SWIFT_VERSION = 5.0;
				TARGETED_DEVICE_FAMILY = 1;
			};
			name = Release;
		};
		475BEB8727E587C0005CB334 /* Debug */ = {
			isa = XCBuildConfiguration;
			buildSettings = {
				ALWAYS_EMBED_SWIFT_STANDARD_LIBRARIES = YES;
				BUNDLE_LOADER = "$(TEST_HOST)";
				CODE_SIGN_STYLE = Automatic;
				CURRENT_PROJECT_VERSION = 1;
				GENERATE_INFOPLIST_FILE = YES;
				IPHONEOS_DEPLOYMENT_TARGET = 15.4;
				MARKETING_VERSION = 1.0;
				PRODUCT_BUNDLE_IDENTIFIER = com.amin.BabbelFallingWordsTests;
				PRODUCT_NAME = "$(TARGET_NAME)";
				SWIFT_EMIT_LOC_STRINGS = NO;
				SWIFT_VERSION = 5.0;
				TARGETED_DEVICE_FAMILY = "1,2";
				TEST_HOST = "$(BUILT_PRODUCTS_DIR)/BabbelFallingWords.app/BabbelFallingWords";
			};
			name = Debug;
		};
		475BEB8827E587C0005CB334 /* Release */ = {
			isa = XCBuildConfiguration;
			buildSettings = {
				ALWAYS_EMBED_SWIFT_STANDARD_LIBRARIES = YES;
				BUNDLE_LOADER = "$(TEST_HOST)";
				CODE_SIGN_STYLE = Automatic;
				CURRENT_PROJECT_VERSION = 1;
				GENERATE_INFOPLIST_FILE = YES;
				IPHONEOS_DEPLOYMENT_TARGET = 15.4;
				MARKETING_VERSION = 1.0;
				PRODUCT_BUNDLE_IDENTIFIER = com.amin.BabbelFallingWordsTests;
				PRODUCT_NAME = "$(TARGET_NAME)";
				SWIFT_EMIT_LOC_STRINGS = NO;
				SWIFT_VERSION = 5.0;
				TARGETED_DEVICE_FAMILY = "1,2";
				TEST_HOST = "$(BUILT_PRODUCTS_DIR)/BabbelFallingWords.app/BabbelFallingWords";
			};
			name = Release;
		};
/* End XCBuildConfiguration section */

/* Begin XCConfigurationList section */
		475BEB5427E587BE005CB334 /* Build configuration list for PBXProject "BabbelFallingWords" */ = {
			isa = XCConfigurationList;
			buildConfigurations = (
				475BEB8127E587C0005CB334 /* Debug */,
				475BEB8227E587C0005CB334 /* Release */,
			);
			defaultConfigurationIsVisible = 0;
			defaultConfigurationName = Release;
		};
		475BEB8327E587C0005CB334 /* Build configuration list for PBXNativeTarget "BabbelFallingWords" */ = {
			isa = XCConfigurationList;
			buildConfigurations = (
				475BEB8427E587C0005CB334 /* Debug */,
				475BEB8527E587C0005CB334 /* Release */,
			);
			defaultConfigurationIsVisible = 0;
			defaultConfigurationName = Release;
		};
		475BEB8627E587C0005CB334 /* Build configuration list for PBXNativeTarget "BabbelFallingWordsTests" */ = {
			isa = XCConfigurationList;
			buildConfigurations = (
				475BEB8727E587C0005CB334 /* Debug */,
				475BEB8827E587C0005CB334 /* Release */,
			);
			defaultConfigurationIsVisible = 0;
			defaultConfigurationName = Release;
		};
/* End XCConfigurationList section */
	};
	rootObject = 475BEB5127E587BE005CB334 /* Project object */;
}
